
Microsoft Visual Studio Solution File, Format Version 12.00
# Visual Studio Version 18
VisualStudioVersion = 18.0.12002.237
MinimumVisualStudioVersion = 10.0.40219.1
Project("{FAE04EC0-301F-11D3-BF4B-00C04F79EFBC}") = "Infinium.Domain", "src\Infinium.Domain\Infinium.Domain.csproj", "{E8777F4B-A959-4B05-8762-80A8E31A3E8C}"
EndProject
Project("{FAE04EC0-301F-11D3-BF4B-00C04F79EFBC}") = "Infinium.Application", "src\Infinium.Application\Infinium.Application.csproj", "{DD5DCFDF-EAC0-4927-898E-75880F8A5E0D}"
EndProject
Project("{FAE04EC0-301F-11D3-BF4B-00C04F79EFBC}") = "Infinium.Persistence", "src\Infinium.Persistence\Infinium.Persistence.csproj", "{B235160A-9B89-4F93-9E24-D57D614FCBAE}"
EndProject
Project("{FAE04EC0-301F-11D3-BF4B-00C04F79EFBC}") = "Infinium.Mo2", "src\Infinium.Mo2\Infinium.Mo2.csproj", "{FC77A9BC-B435-4461-8042-08AE065DB3CF}"
EndProject
Project("{FAE04EC0-301F-11D3-BF4B-00C04F79EFBC}") = "Infinium.Bethesda", "src\Infinium.Bethesda\Infinium.Bethesda.csproj", "{598E50A3-8087-4880-9E7D-2FB98F376708}"
EndProject
Project("{FAE04EC0-301F-11D3-BF4B-00C04F79EFBC}") = "Infinium.Analysis", "src\Infinium.Analysis\Infinium.Analysis.csproj", "{4570E2C8-D166-49F3-951B-BF435C640BB6}"
EndProject
Project("{FAE04EC0-301F-11D3-BF4B-00C04F79EFBC}") = "Infinium.OpenAI", "src\Infinium.OpenAI\Infinium.OpenAI.csproj", "{32592DEE-8709-464D-9302-407B01AE27B7}"
EndProject
Project("{FAE04EC0-301F-11D3-BF4B-00C04F79EFBC}") = "Infinium.Coordinator", "src\Infinium.Coordinator\Infinium.Coordinator.csproj", "{BFBA1824-F6B6-4C20-AF77-070BBA333754}"
EndProject
Project("{FAE04EC0-301F-11D3-BF4B-00C04F79EFBC}") = "Infinium.Worker", "src\Infinium.Worker\Infinium.Worker.csproj", "{688C1249-4143-4E3B-A7A2-93D8FB05519B}"
EndProject
Project("{FAE04EC0-301F-11D3-BF4B-00C04F79EFBC}") = "Infinium.CredentialHelper", "src\Infinium.CredentialHelper\Infinium.CredentialHelper.csproj", "{249B42A9-180B-465C-978C-E3220193929C}"
EndProject
Project("{FAE04EC0-301F-11D3-BF4B-00C04F79EFBC}") = "Infinium.Cli", "src\Infinium.Cli\Infinium.Cli.csproj", "{8D545744-EC21-493F-A979-43FB2BBD413D}"
EndProject
Project("{FAE04EC0-301F-11D3-BF4B-00C04F79EFBC}") = "Infinium.UnitTests", "tests\Infinium.UnitTests\Infinium.UnitTests.csproj", "{B88C8ED6-C5F8-47A2-BCFE-E33A10667FF9}"
EndProject
Project("{FAE04EC0-301F-11D3-BF4B-00C04F79EFBC}") = "Infinium.ContractTests", "tests\Infinium.ContractTests\Infinium.ContractTests.csproj", "{0BD4F01F-FD45-4684-9282-5FE1FB299BB3}"
EndProject
Project("{FAE04EC0-301F-11D3-BF4B-00C04F79EFBC}") = "Infinium.IntegrationTests", "tests\Infinium.IntegrationTests\Infinium.IntegrationTests.csproj", "{413855D5-0F36-4B83-98C3-797BDAC5DAA3}"
EndProject
Project("{FAE04EC0-301F-11D3-BF4B-00C04F79EFBC}") = "Infinium.EvaluationTests", "tests\Infinium.EvaluationTests\Infinium.EvaluationTests.csproj", "{01321761-01A1-4FC3-A0DD-06E9676FD240}"
EndProject
Project("{FAE04EC0-301F-11D3-BF4B-00C04F79EFBC}") = "Infinium.PublicFixtures", "fixtures\tooling\Infinium.PublicFixtures\Infinium.PublicFixtures.csproj", "{4BE7D215-659C-4B74-B06F-01936667EE69}"
EndProject
Project("{2150E333-8FDC-42A3-9474-1A3956D46DE8}") = "tests", "tests", "{0AB3BF05-4346-4AA6-1389-037BE0695223}"
EndProject
Project("{FAE04EC0-301F-11D3-BF4B-00C04F79EFBC}") = "Infinium.SecurityTests", "tests\Infinium.SecurityTests\Infinium.SecurityTests.csproj", "{4341405C-F79D-425E-B3F3-4BC56483E4DE}"
EndProject
Project("{2150E333-8FDC-42A3-9474-1A3956D46DE8}") = "src", "src", "{827E0CD3-B72D-47B6-A68D-7590B98EB39B}"
EndProject
Project("{FAE04EC0-301F-11D3-BF4B-00C04F79EFBC}") = "Infinium.FaultTests", "tests\Infinium.FaultTests\Infinium.FaultTests.csproj", "{54EF076E-EE11-4851-AE70-4AFD1BDF526E}"
EndProject
Global
	GlobalSection(SolutionConfigurationPlatforms) = preSolution
		Debug|x64 = Debug|x64
		Debug|Any CPU = Debug|Any CPU
		Debug|x86 = Debug|x86
		Release|x64 = Release|x64
		Release|Any CPU = Release|Any CPU
		Release|x86 = Release|x86
	EndGlobalSection
	GlobalSection(ProjectConfigurationPlatforms) = postSolution
		{E8777F4B-A959-4B05-8762-80A8E31A3E8C}.Debug|x64.ActiveCfg = Debug|x64
		{E8777F4B-A959-4B05-8762-80A8E31A3E8C}.Debug|x64.Build.0 = Debug|x64
		{E8777F4B-A959-4B05-8762-80A8E31A3E8C}.Debug|Any CPU.ActiveCfg = Debug|Any CPU
		{E8777F4B-A959-4B05-8762-80A8E31A3E8C}.Debug|Any CPU.Build.0 = Debug|Any CPU
		{E8777F4B-A959-4B05-8762-80A8E31A3E8C}.Debug|x86.ActiveCfg = Debug|Any CPU
		{E8777F4B-A959-4B05-8762-80A8E31A3E8C}.Debug|x86.Build.0 = Debug|Any CPU
		{E8777F4B-A959-4B05-8762-80A8E31A3E8C}.Release|x64.ActiveCfg = Release|x64
		{E8777F4B-A959-4B05-8762-80A8E31A3E8C}.Release|x64.Build.0 = Release|x64
		{E8777F4B-A959-4B05-8762-80A8E31A3E8C}.Release|Any CPU.ActiveCfg = Release|Any CPU
		{E8777F4B-A959-4B05-8762-80A8E31A3E8C}.Release|Any CPU.Build.0 = Release|Any CPU
		{E8777F4B-A959-4B05-8762-80A8E31A3E8C}.Release|x86.ActiveCfg = Release|Any CPU
		{E8777F4B-A959-4B05-8762-80A8E31A3E8C}.Release|x86.Build.0 = Release|Any CPU
		{DD5DCFDF-EAC0-4927-898E-75880F8A5E0D}.Debug|x64.ActiveCfg = Debug|x64
		{DD5DCFDF-EAC0-4927-898E-75880F8A5E0D}.Debug|x64.Build.0 = Debug|x64
		{DD5DCFDF-EAC0-4927-898E-75880F8A5E0D}.Debug|Any CPU.ActiveCfg = Debug|Any CPU
		{DD5DCFDF-EAC0-4927-898E-75880F8A5E0D}.Debug|Any CPU.Build.0 = Debug|Any CPU
		{DD5DCFDF-EAC0-4927-898E-75880F8A5E0D}.Debug|x86.ActiveCfg = Debug|Any CPU
		{DD5DCFDF-EAC0-4927-898E-75880F8A5E0D}.Debug|x86.Build.0 = Debug|Any CPU
		{DD5DCFDF-EAC0-4927-898E-75880F8A5E0D}.Release|x64.ActiveCfg = Release|x64
		{DD5DCFDF-EAC0-4927-898E-75880F8A5E0D}.Release|x64.Build.0 = Release|x64
		{DD5DCFDF-EAC0-4927-898E-75880F8A5E0D}.Release|Any CPU.ActiveCfg = Release|Any CPU
		{DD5DCFDF-EAC0-4927-898E-75880F8A5E0D}.Release|Any CPU.Build.0 = Release|Any CPU
		{DD5DCFDF-EAC0-4927-898E-75880F8A5E0D}.Release|x86.ActiveCfg = Release|Any CPU
		{DD5DCFDF-EAC0-4927-898E-75880F8A5E0D}.Release|x86.Build.0 = Release|Any CPU
		{B235160A-9B89-4F93-9E24-D57D614FCBAE}.Debug|x64.ActiveCfg = Debug|x64
		{B235160A-9B89-4F93-9E24-D57D614FCBAE}.Debug|x64.Build.0 = Debug|x64
		{B235160A-9B89-4F93-9E24-D57D614FCBAE}.Debug|Any CPU.ActiveCfg = Debug|Any CPU
		{B235160A-9B89-4F93-9E24-D57D614FCBAE}.Debug|Any CPU.Build.0 = Debug|Any CPU
		{B235160A-9B89-4F93-9E24-D57D614FCBAE}.Debug|x86.ActiveCfg = Debug|Any CPU
		{B235160A-9B89-4F93-9E24-D57D614FCBAE}.Debug|x86.Build.0 = Debug|Any CPU
		{B235160A-9B89-4F93-9E24-D57D614FCBAE}.Release|x64.ActiveCfg = Release|x64
		{B235160A-9B89-4F93-9E24-D57D614FCBAE}.Release|x64.Build.0 = Release|x64
		{B235160A-9B89-4F93-9E24-D57D614FCBAE}.Release|Any CPU.ActiveCfg = Release|Any CPU
		{B235160A-9B89-4F93-9E24-D57D614FCBAE}.Release|Any CPU.Build.0 = Release|Any CPU
		{B235160A-9B89-4F93-9E24-D57D614FCBAE}.Release|x86.ActiveCfg = Release|Any CPU
		{B235160A-9B89-4F93-9E24-D57D614FCBAE}.Release|x86.Build.0 = Release|Any CPU
		{FC77A9BC-B435-4461-8042-08AE065DB3CF}.Debug|x64.ActiveCfg = Debug|x64
		{FC77A9BC-B435-4461-8042-08AE065DB3CF}.Debug|x64.Build.0 = Debug|x64
		{FC77A9BC-B435-4461-8042-08AE065DB3CF}.Debug|Any CPU.ActiveCfg = Debug|Any CPU
		{FC77A9BC-B435-4461-8042-08AE065DB3CF}.Debug|Any CPU.Build.0 = Debug|Any CPU
		{FC77A9BC-B435-4461-8042-08AE065DB3CF}.Debug|x86.ActiveCfg = Debug|Any CPU
		{FC77A9BC-B435-4461-8042-08AE065DB3CF}.Debug|x86.Build.0 = Debug|Any CPU
		{FC77A9BC-B435-4461-8042-08AE065DB3CF}.Release|x64.ActiveCfg = Release|x64
		{FC77A9BC-B435-4461-8042-08AE065DB3CF}.Release|x64.Build.0 = Release|x64
		{FC77A9BC-B435-4461-8042-08AE065DB3CF}.Release|Any CPU.ActiveCfg = Release|Any CPU
		{FC77A9BC-B435-4461-8042-08AE065DB3CF}.Release|Any CPU.Build.0 = Release|Any CPU
		{FC77A9BC-B435-4461-8042-08AE065DB3CF}.Release|x86.ActiveCfg = Release|Any CPU
		{FC77A9BC-B435-4461-8042-08AE065DB3CF}.Release|x86.Build.0 = Release|Any CPU
		{598E50A3-8087-4880-9E7D-2FB98F376708}.Debug|x64.ActiveCfg = Debug|x64
		{598E50A3-8087-4880-9E7D-2FB98F376708}.Debug|x64.Build.0 = Debug|x64
		{598E50A3-8087-4880-9E7D-2FB98F376708}.Debug|Any CPU.ActiveCfg = Debug|Any CPU
		{598E50A3-8087-4880-9E7D-2FB98F376708}.Debug|Any CPU.Build.0 = Debug|Any CPU
		{598E50A3-8087-4880-9E7D-2FB98F376708}.Debug|x86.ActiveCfg = Debug|Any CPU
		{598E50A3-8087-4880-9E7D-2FB98F376708}.Debug|x86.Build.0 = Debug|Any CPU
		{598E50A3-8087-4880-9E7D-2FB98F376708}.Release|x64.ActiveCfg = Release|x64
		{598E50A3-8087-4880-9E7D-2FB98F376708}.Release|x64.Build.0 = Release|x64
		{598E50A3-8087-4880-9E7D-2FB98F376708}.Release|Any CPU.ActiveCfg = Release|Any CPU
		{598E50A3-8087-4880-9E7D-2FB98F376708}.Release|Any CPU.Build.0 = Release|Any CPU
		{598E50A3-8087-4880-9E7D-2FB98F376708}.Release|x86.ActiveCfg = Release|Any CPU
		{598E50A3-8087-4880-9E7D-2FB98F376708}.Release|x86.Build.0 = Release|Any CPU
		{4570E2C8-D166-49F3-951B-BF435C640BB6}.Debug|x64.ActiveCfg = Debug|x64
		{4570E2C8-D166-49F3-951B-BF435C640BB6}.Debug|x64.Build.0 = Debug|x64
		{4570E2C8-D166-49F3-951B-BF435C640BB6}.Debug|Any CPU.ActiveCfg = Debug|Any CPU
		{4570E2C8-D166-49F3-951B-BF435C640BB6}.Debug|Any CPU.Build.0 = Debug|Any CPU
		{4570E2C8-D166-49F3-951B-BF435C640BB6}.Debug|x86.ActiveCfg = Debug|Any CPU
		{4570E2C8-D166-49F3-951B-BF435C640BB6}.Debug|x86.Build.0 = Debug|Any CPU
		{4570E2C8-D166-49F3-951B-BF435C640BB6}.Release|x64.ActiveCfg = Release|x64
		{4570E2C8-D166-49F3-951B-BF435C640BB6}.Release|x64.Build.0 = Release|x64
		{4570E2C8-D166-49F3-951B-BF435C640BB6}.Release|Any CPU.ActiveCfg = Release|Any CPU
		{4570E2C8-D166-49F3-951B-BF435C640BB6}.Release|Any CPU.Build.0 = Release|Any CPU
		{4570E2C8-D166-49F3-951B-BF435C640BB6}.Release|x86.ActiveCfg = Release|Any CPU
		{4570E2C8-D166-49F3-951B-BF435C640BB6}.Release|x86.Build.0 = Release|Any CPU
		{32592DEE-8709-464D-9302-407B01AE27B7}.Debug|x64.ActiveCfg = Debug|x64
		{32592DEE-8709-464D-9302-407B01AE27B7}.Debug|x64.Build.0 = Debug|x64
		{32592DEE-8709-464D-9302-407B01AE27B7}.Debug|Any CPU.ActiveCfg = Debug|Any CPU
		{32592DEE-8709-464D-9302-407B01AE27B7}.Debug|Any CPU.Build.0 = Debug|Any CPU
		{32592DEE-8709-464D-9302-407B01AE27B7}.Debug|x86.ActiveCfg = Debug|Any CPU
		{32592DEE-8709-464D-9302-407B01AE27B7}.Debug|x86.Build.0 = Debug|Any CPU
		{32592DEE-8709-464D-9302-407B01AE27B7}.Release|x64.ActiveCfg = Release|x64
		{32592DEE-8709-464D-9302-407B01AE27B7}.Release|x64.Build.0 = Release|x64
		{32592DEE-8709-464D-9302-407B01AE27B7}.Release|Any CPU.ActiveCfg = Release|Any CPU
		{32592DEE-8709-464D-9302-407B01AE27B7}.Release|Any CPU.Build.0 = Release|Any CPU
		{32592DEE-8709-464D-9302-407B01AE27B7}.Release|x86.ActiveCfg = Release|Any CPU
		{32592DEE-8709-464D-9302-407B01AE27B7}.Release|x86.Build.0 = Release|Any CPU
		{BFBA1824-F6B6-4C20-AF77-070BBA333754}.Debug|x64.ActiveCfg = Debug|x64
		{BFBA1824-F6B6-4C20-AF77-070BBA333754}.Debug|x64.Build.0 = Debug|x64
		{BFBA1824-F6B6-4C20-AF77-070BBA333754}.Debug|Any CPU.ActiveCfg = Debug|Any CPU
		{BFBA1824-F6B6-4C20-AF77-070BBA333754}.Debug|Any CPU.Build.0 = Debug|Any CPU
		{BFBA1824-F6B6-4C20-AF77-070BBA333754}.Debug|x86.ActiveCfg = Debug|Any CPU
		{BFBA1824-F6B6-4C20-AF77-070BBA333754}.Debug|x86.Build.0 = Debug|Any CPU
		{BFBA1824-F6B6-4C20-AF77-070BBA333754}.Release|x64.ActiveCfg = Release|x64
		{BFBA1824-F6B6-4C20-AF77-070BBA333754}.Release|x64.Build.0 = Release|x64
		{BFBA1824-F6B6-4C20-AF77-070BBA333754}.Release|Any CPU.ActiveCfg = Release|Any CPU
		{BFBA1824-F6B6-4C20-AF77-070BBA333754}.Release|Any CPU.Build.0 = Release|Any CPU
		{BFBA1824-F6B6-4C20-AF77-070BBA333754}.Release|x86.ActiveCfg = Release|Any CPU
		{BFBA1824-F6B6-4C20-AF77-070BBA333754}.Release|x86.Build.0 = Release|Any CPU
		{688C1249-4143-4E3B-A7A2-93D8FB05519B}.Debug|x64.ActiveCfg = Debug|x64
		{688C1249-4143-4E3B-A7A2-93D8FB05519B}.Debug|x64.Build.0 = Debug|x64
		{688C1249-4143-4E3B-A7A2-93D8FB05519B}.Debug|Any CPU.ActiveCfg = Debug|Any CPU
		{688C1249-4143-4E3B-A7A2-93D8FB05519B}.Debug|Any CPU.Build.0 = Debug|Any CPU
		{688C1249-4143-4E3B-A7A2-93D8FB05519B}.Debug|x86.ActiveCfg = Debug|Any CPU
		{688C1249-4143-4E3B-A7A2-93D8FB05519B}.Debug|x86.Build.0 = Debug|Any CPU
		{688C1249-4143-4E3B-A7A2-93D8FB05519B}.Release|x64.ActiveCfg = Release|x64
		{688C1249-4143-4E3B-A7A2-93D8FB05519B}.Release|x64.Build.0 = Release|x64
		{688C1249-4143-4E3B-A7A2-93D8FB05519B}.Release|Any CPU.ActiveCfg = Release|Any CPU
		{688C1249-4143-4E3B-A7A2-93D8FB05519B}.Release|Any CPU.Build.0 = Release|Any CPU
		{688C1249-4143-4E3B-A7A2-93D8FB05519B}.Release|x86.ActiveCfg = Release|Any CPU
		{688C1249-4143-4E3B-A7A2-93D8FB05519B}.Release|x86.Build.0 = Release|Any CPU
		{249B42A9-180B-465C-978C-E3220193929C}.Debug|x64.ActiveCfg = Debug|x64
		{249B42A9-180B-465C-978C-E3220193929C}.Debug|x64.Build.0 = Debug|x64
		{249B42A9-180B-465C-978C-E3220193929C}.Debug|Any CPU.ActiveCfg = Debug|Any CPU
		{249B42A9-180B-465C-978C-E3220193929C}.Debug|Any CPU.Build.0 = Debug|Any CPU
		{249B42A9-180B-465C-978C-E3220193929C}.Debug|x86.ActiveCfg = Debug|Any CPU
		{249B42A9-180B-465C-978C-E3220193929C}.Debug|x86.Build.0 = Debug|Any CPU
		{249B42A9-180B-465C-978C-E3220193929C}.Release|x64.ActiveCfg = Release|x64
		{249B42A9-180B-465C-978C-E3220193929C}.Release|x64.Build.0 = Release|x64
		{249B42A9-180B-465C-978C-E3220193929C}.Release|Any CPU.ActiveCfg = Release|Any CPU
		{249B42A9-180B-465C-978C-E3220193929C}.Release|Any CPU.Build.0 = Release|Any CPU
		{249B42A9-180B-465C-978C-E3220193929C}.Release|x86.ActiveCfg = Release|Any CPU
		{249B42A9-180B-465C-978C-E3220193929C}.Release|x86.Build.0 = Release|Any CPU
		{8D545744-EC21-493F-A979-43FB2BBD413D}.Debug|x64.ActiveCfg = Debug|x64
		{8D545744-EC21-493F-A979-43FB2BBD413D}.Debug|x64.Build.0 = Debug|x64
		{8D545744-EC21-493F-A979-43FB2BBD413D}.Debug|Any CPU.ActiveCfg = Debug|Any CPU
		{8D545744-EC21-493F-A979-43FB2BBD413D}.Debug|Any CPU.Build.0 = Debug|Any CPU
		{8D545744-EC21-493F-A979-43FB2BBD413D}.Debug|x86.ActiveCfg = Debug|Any CPU
		{8D545744-EC21-493F-A979-43FB2BBD413D}.Debug|x86.Build.0 = Debug|Any CPU
		{8D545744-EC21-493F-A979-43FB2BBD413D}.Release|x64.ActiveCfg = Release|x64
		{8D545744-EC21-493F-A979-43FB2BBD413D}.Release|x64.Build.0 = Release|x64
		{8D545744-EC21-493F-A979-43FB2BBD413D}.Release|Any CPU.ActiveCfg = Release|Any CPU
		{8D545744-EC21-493F-A979-43FB2BBD413D}.Release|Any CPU.Build.0 = Release|Any CPU
		{8D545744-EC21-493F-A979-43FB2BBD413D}.Release|x86.ActiveCfg = Release|Any CPU
		{8D545744-EC21-493F-A979-43FB2BBD413D}.Release|x86.Build.0 = Release|Any CPU
		{B88C8ED6-C5F8-47A2-BCFE-E33A10667FF9}.Debug|x64.ActiveCfg = Debug|x64
		{B88C8ED6-C5F8-47A2-BCFE-E33A10667FF9}.Debug|x64.Build.0 = Debug|x64
		{B88C8ED6-C5F8-47A2-BCFE-E33A10667FF9}.Debug|Any CPU.ActiveCfg = Debug|Any CPU
		{B88C8ED6-C5F8-47A2-BCFE-E33A10667FF9}.Debug|Any CPU.Build.0 = Debug|Any CPU
		{B88C8ED6-C5F8-47A2-BCFE-E33A10667FF9}.Debug|x86.ActiveCfg = Debug|Any CPU
		{B88C8ED6-C5F8-47A2-BCFE-E33A10667FF9}.Debug|x86.Build.0 = Debug|Any CPU
		{B88C8ED6-C5F8-47A2-BCFE-E33A10667FF9}.Release|x64.ActiveCfg = Release|x64
		{B88C8ED6-C5F8-47A2-BCFE-E33A10667FF9}.Release|x64.Build.0 = Release|x64
		{B88C8ED6-C5F8-47A2-BCFE-E33A10667FF9}.Release|Any CPU.ActiveCfg = Release|Any CPU
		{B88C8ED6-C5F8-47A2-BCFE-E33A10667FF9}.Release|Any CPU.Build.0 = Release|Any CPU
		{B88C8ED6-C5F8-47A2-BCFE-E33A10667FF9}.Release|x86.ActiveCfg = Release|Any CPU
		{B88C8ED6-C5F8-47A2-BCFE-E33A10667FF9}.Release|x86.Build.0 = Release|Any CPU
		{0BD4F01F-FD45-4684-9282-5FE1FB299BB3}.Debug|x64.ActiveCfg = Debug|x64
		{0BD4F01F-FD45-4684-9282-5FE1FB299BB3}.Debug|x64.Build.0 = Debug|x64
		{0BD4F01F-FD45-4684-9282-5FE1FB299BB3}.Debug|Any CPU.ActiveCfg = Debug|Any CPU
		{0BD4F01F-FD45-4684-9282-5FE1FB299BB3}.Debug|Any CPU.Build.0 = Debug|Any CPU
		{0BD4F01F-FD45-4684-9282-5FE1FB299BB3}.Debug|x86.ActiveCfg = Debug|Any CPU
		{0BD4F01F-FD45-4684-9282-5FE1FB299BB3}.Debug|x86.Build.0 = Debug|Any CPU
		{0BD4F01F-FD45-4684-9282-5FE1FB299BB3}.Release|x64.ActiveCfg = Release|x64
		{0BD4F01F-FD45-4684-9282-5FE1FB299BB3}.Release|x64.Build.0 = Release|x64
		{0BD4F01F-FD45-4684-9282-5FE1FB299BB3}.Release|Any CPU.ActiveCfg = Release|Any CPU
		{0BD4F01F-FD45-4684-9282-5FE1FB299BB3}.Release|Any CPU.Build.0 = Release|Any CPU
		{0BD4F01F-FD45-4684-9282-5FE1FB299BB3}.Release|x86.ActiveCfg = Release|Any CPU
		{0BD4F01F-FD45-4684-9282-5FE1FB299BB3}.Release|x86.Build.0 = Release|Any CPU
		{413855D5-0F36-4B83-98C3-797BDAC5DAA3}.Debug|x64.ActiveCfg = Debug|x64
		{413855D5-0F36-4B83-98C3-797BDAC5DAA3}.Debug|x64.Build.0 = Debug|x64
		{413855D5-0F36-4B83-98C3-797BDAC5DAA3}.Debug|Any CPU.ActiveCfg = Debug|Any CPU
		{413855D5-0F36-4B83-98C3-797BDAC5DAA3}.Debug|Any CPU.Build.0 = Debug|Any CPU
		{413855D5-0F36-4B83-98C3-797BDAC5DAA3}.Debug|x86.ActiveCfg = Debug|Any CPU
		{413855D5-0F36-4B83-98C3-797BDAC5DAA3}.Debug|x86.Build.0 = Debug|Any CPU
		{413855D5-0F36-4B83-98C3-797BDAC5DAA3}.Release|x64.ActiveCfg = Release|x64
		{413855D5-0F36-4B83-98C3-797BDAC5DAA3}.Release|x64.Build.0 = Release|x64
		{413855D5-0F36-4B83-98C3-797BDAC5DAA3}.Release|Any CPU.ActiveCfg = Release|Any CPU
		{413855D5-0F36-4B83-98C3-797BDAC5DAA3}.Release|Any CPU.Build.0 = Release|Any CPU
		{413855D5-0F36-4B83-98C3-797BDAC5DAA3}.Release|x86.ActiveCfg = Release|Any CPU
		{413855D5-0F36-4B83-98C3-797BDAC5DAA3}.Release|x86.Build.0 = Release|Any CPU
		{01321761-01A1-4FC3-A0DD-06E9676FD240}.Debug|x64.ActiveCfg = Debug|x64
		{01321761-01A1-4FC3-A0DD-06E9676FD240}.Debug|x64.Build.0 = Debug|x64
		{01321761-01A1-4FC3-A0DD-06E9676FD240}.Debug|Any CPU.ActiveCfg = Debug|Any CPU
		{01321761-01A1-4FC3-A0DD-06E9676FD240}.Debug|Any CPU.Build.0 = Debug|Any CPU
		{01321761-01A1-4FC3-A0DD-06E9676FD240}.Debug|x86.ActiveCfg = Debug|Any CPU
		{01321761-01A1-4FC3-A0DD-06E9676FD240}.Debug|x86.Build.0 = Debug|Any CPU
		{01321761-01A1-4FC3-A0DD-06E9676FD240}.Release|x64.ActiveCfg = Release|x64
		{01321761-01A1-4FC3-A0DD-06E9676FD240}.Release|x64.Build.0 = Release|x64
		{01321761-01A1-4FC3-A0DD-06E9676FD240}.Release|Any CPU.ActiveCfg = Release|Any CPU
		{01321761-01A1-4FC3-A0DD-06E9676FD240}.Release|Any CPU.Build.0 = Release|Any CPU
		{01321761-01A1-4FC3-A0DD-06E9676FD240}.Release|x86.ActiveCfg = Release|Any CPU
		{01321761-01A1-4FC3-A0DD-06E9676FD240}.Release|x86.Build.0 = Release|Any CPU
		{4BE7D215-659C-4B74-B06F-01936667EE69}.Debug|x64.ActiveCfg = Debug|x64
		{4BE7D215-659C-4B74-B06F-01936667EE69}.Debug|x64.Build.0 = Debug|x64
		{4BE7D215-659C-4B74-B06F-01936667EE69}.Debug|Any CPU.ActiveCfg = Debug|Any CPU
		{4BE7D215-659C-4B74-B06F-01936667EE69}.Debug|Any CPU.Build.0 = Debug|Any CPU
		{4BE7D215-659C-4B74-B06F-01936667EE69}.Debug|x86.ActiveCfg = Debug|Any CPU
		{4BE7D215-659C-4B74-B06F-01936667EE69}.Debug|x86.Build.0 = Debug|Any CPU
		{4BE7D215-659C-4B74-B06F-01936667EE69}.Release|x64.ActiveCfg = Release|x64
		{4BE7D215-659C-4B74-B06F-01936667EE69}.Release|x64.Build.0 = Release|x64
		{4BE7D215-659C-4B74-B06F-01936667EE69}.Release|Any CPU.ActiveCfg = Release|Any CPU
		{4BE7D215-659C-4B74-B06F-01936667EE69}.Release|Any CPU.Build.0 = Release|Any CPU
		{4BE7D215-659C-4B74-B06F-01936667EE69}.Release|x86.ActiveCfg = Release|Any CPU
		{4BE7D215-659C-4B74-B06F-01936667EE69}.Release|x86.Build.0 = Release|Any CPU
		{4341405C-F79D-425E-B3F3-4BC56483E4DE}.Debug|x64.ActiveCfg = Debug|Any CPU
		{4341405C-F79D-425E-B3F3-4BC56483E4DE}.Debug|x64.Build.0 = Debug|Any CPU
		{4341405C-F79D-425E-B3F3-4BC56483E4DE}.Debug|Any CPU.ActiveCfg = Debug|Any CPU
		{4341405C-F79D-425E-B3F3-4BC56483E4DE}.Debug|Any CPU.Build.0 = Debug|Any CPU
		{4341405C-F79D-425E-B3F3-4BC56483E4DE}.Debug|x86.ActiveCfg = Debug|Any CPU
		{4341405C-F79D-425E-B3F3-4BC56483E4DE}.Debug|x86.Build.0 = Debug|Any CPU
		{4341405C-F79D-425E-B3F3-4BC56483E4DE}.Release|x64.ActiveCfg = Release|Any CPU
		{4341405C-F79D-425E-B3F3-4BC56483E4DE}.Release|x64.Build.0 = Release|Any CPU
		{4341405C-F79D-425E-B3F3-4BC56483E4DE}.Release|Any CPU.ActiveCfg = Release|Any CPU
		{4341405C-F79D-425E-B3F3-4BC56483E4DE}.Release|Any CPU.Build.0 = Release|Any CPU
		{4341405C-F79D-425E-B3F3-4BC56483E4DE}.Release|x86.ActiveCfg = Release|Any CPU
		{4341405C-F79D-425E-B3F3-4BC56483E4DE}.Release|x86.Build.0 = Release|Any CPU
		{54EF076E-EE11-4851-AE70-4AFD1BDF526E}.Debug|x64.ActiveCfg = Debug|Any CPU
		{54EF076E-EE11-4851-AE70-4AFD1BDF526E}.Debug|x64.Build.0 = Debug|Any CPU
		{54EF076E-EE11-4851-AE70-4AFD1BDF526E}.Debug|Any CPU.ActiveCfg = Debug|Any CPU
		{54EF076E-EE11-4851-AE70-4AFD1BDF526E}.Debug|Any CPU.Build.0 = Debug|Any CPU
		{54EF076E-EE11-4851-AE70-4AFD1BDF526E}.Debug|x86.ActiveCfg = Debug|Any CPU
		{54EF076E-EE11-4851-AE70-4AFD1BDF526E}.Debug|x86.Build.0 = Debug|Any CPU
		{54EF076E-EE11-4851-AE70-4AFD1BDF526E}.Release|x64.ActiveCfg = Release|Any CPU
		{54EF076E-EE11-4851-AE70-4AFD1BDF526E}.Release|x64.Build.0 = Release|Any CPU
		{54EF076E-EE11-4851-AE70-4AFD1BDF526E}.Release|Any CPU.ActiveCfg = Release|Any CPU
		{54EF076E-EE11-4851-AE70-4AFD1BDF526E}.Release|Any CPU.Build.0 = Release|Any CPU
		{54EF076E-EE11-4851-AE70-4AFD1BDF526E}.Release|x86.ActiveCfg = Release|Any CPU
		{54EF076E-EE11-4851-AE70-4AFD1BDF526E}.Release|x86.Build.0 = Release|Any CPU
	EndGlobalSection
	GlobalSection(SolutionProperties) = preSolution
		HideSolutionNode = FALSE
	EndGlobalSection
	GlobalSection(NestedProjects) = preSolution
		{4341405C-F79D-425E-B3F3-4BC56483E4DE} = {0AB3BF05-4346-4AA6-1389-037BE0695223}
		{54EF076E-EE11-4851-AE70-4AFD1BDF526E} = {0AB3BF05-4346-4AA6-1389-037BE0695223}
	EndGlobalSection
EndGlobal
