{
  "version": 2,
  "dependencies": {
    "net10.0": {
      "Grpc.AspNetCore": {
        "type": "Direct",
        "requested": "[2.80.0, )",
        "resolved": "2.80.0",
        "contentHash": "ASbJbdtCUlGiKxe9NsN/QeG1PdibYoN0pEgP9U87cvS6HV0XsT+VdO/g2M6Ri8zZURfX5c7MBTaFVP/YCrC72A==",
        "dependencies": {
          "Google.Protobuf": "3.31.1",
          "Grpc.AspNetCore.Server.ClientFactory": "2.80.0",
          "Grpc.Tools": "2.80.0"
        }
      },
      "DynamicData": {
        "type": "Transitive",
        "resolved": "9.4.31",
        "contentHash": "w2bT92Z5ADtnmtKiC9mzk21h7MtXtZEQKWFyytuHqhPBo7rKPWnvFk/xy1M/VA6XQTbCjRWMNV795w+RizFn4g==",
        "dependencies": {
          "System.Reactive": "6.1.0"
        }
      },
      "FluentResults": {
        "type": "Transitive",
        "resolved": "3.15.2",
        "contentHash": "yR3PD1SWKirYNpQ/t9TjJrsp1adazMmozLDPeamvSIljLAIjS0EQyyGvoupWsbZEryqW9SHbKXVL8YaJwURk8w==",
        "dependencies": {
          "Microsoft.Extensions.Logging.Abstractions": "6.0.1"
        }
      },
      "GameFinder.Common": {
        "type": "Transitive",
        "resolved": "4.9.0",
        "contentHash": "bZsWx9VrMvsu5PtVLOTNAVAYrW3idOmWrbyZaZ7q2+htBafHEDtYtaBg6/roICLdrjT2VxffC4oSkSjdUFLvRw==",
        "dependencies": {
          "FluentResults": "3.15.2",
          "Microsoft.Extensions.Logging.Abstractions": "9.0.4",
          "NexusMods.Paths": "0.19.1",
          "OneOf": "3.0.271"
        }
      },
      "GameFinder.RegistryUtils": {
        "type": "Transitive",
        "resolved": "4.9.0",
        "contentHash": "kNUPphnCie0Eqb4Ly045YocMAmfVDYtXI5Z6pODXV/lumRKmGnZOoEOn+oViNfY/k/DJnBNKg2N4oYsaXeWrEA=="
      },
      "GameFinder.StoreHandlers.GOG": {
        "type": "Transitive",
        "resolved": "4.9.0",
        "contentHash": "J1nP4AkTjwsTgJhSLM5O9wV0T9bKt0BUqrMuoYlx1R+Cbco/I2/5pd9ijYOnVaGqxdih/iIHDDGnaI9OYBU6+A==",
        "dependencies": {
          "GameFinder.Common": "4.9.0",
          "GameFinder.RegistryUtils": "4.9.0",
          "TransparentValueObjects.Abstractions": "1.1.0"
        }
      },
      "GameFinder.StoreHandlers.Steam": {
        "type": "Transitive",
        "resolved": "4.9.0",
        "contentHash": "KTNII5mQsPHEVhqfIsvbG3t1AvCvmIgJQkFd2J3AP+84qZQAiPhl17DRDyt3kgJuesvK906jMzOpt6ypjRZECQ==",
        "dependencies": {
          "GameFinder.Common": "4.9.0",
          "GameFinder.RegistryUtils": "4.9.0",
          "GameFinder.Wine": "4.9.0",
          "TransparentValueObjects.Abstractions": "1.1.0",
          "ValveKeyValue": "0.13.1.398"
        }
      },
      "GameFinder.StoreHandlers.Xbox": {
        "type": "Transitive",
        "resolved": "4.9.0",
        "contentHash": "OzDIT1r9xD2fxmyUMxww/Oz9Ex182UVQquq0gU90njzJy3OKfsLk8uPuXm6i2Tr7xhfoLzg4wozP8R1nyEFrNw==",
        "dependencies": {
          "GameFinder.Common": "4.9.0",
          "TransparentValueObjects.Abstractions": "1.1.0"
        }
      },
      "GameFinder.Wine": {
        "type": "Transitive",
        "resolved": "4.9.0",
        "contentHash": "LlqnxPuot8gi6ay0qUgBD9TeiRIY0P8BIVzOgxIP+Ti/Wbd4HHq22yieP2aLOUkugXeArGTOYp+1ykjNgtjqZw==",
        "dependencies": {
          "GameFinder.Common": "4.9.0",
          "GameFinder.RegistryUtils": "4.9.0"
        }
      },
      "Grpc.AspNetCore.Server": {
        "type": "Transitive",
        "resolved": "2.80.0",
        "contentHash": "lbK7z1sZP5imPdQ035f/CZ61iIaBWouY6A580E9JNo7vzXYX/Qo+GQtSjOzhP9VFbxk7mtLoMhn/v1fT2U7kTw==",
        "dependencies": {
          "Grpc.Net.Common": "2.80.0"
        }
      },
      "Grpc.AspNetCore.Server.ClientFactory": {
        "type": "Transitive",
        "resolved": "2.80.0",
        "contentHash": "7JdfxQZv/pO9qU5Ild2mrkzYA7PmVGDKVmWqKVCZNRSDN/RluRN4S4utYgBSwAcYgUBWQDHNb1Ll7wm3BdHfqw==",
        "dependencies": {
          "Grpc.AspNetCore.Server": "2.80.0",
          "Grpc.Net.ClientFactory": "2.80.0"
        }
      },
      "Grpc.Net.ClientFactory": {
        "type": "Transitive",
        "resolved": "2.80.0",
        "contentHash": "YtY1DWID2phwiGc8qBG7+wf00Do5jE7BkJgCc6nbu5b50OsD89mSd73oCE8fCnUo7IjtDAEYFOYI3NSzgn28gw==",
        "dependencies": {
          "Grpc.Net.Client": "2.80.0",
          "Microsoft.Extensions.Http": "8.0.0"
        }
      },
      "Grpc.Net.Common": {
        "type": "Transitive",
        "resolved": "2.80.0",
        "contentHash": "E2ERsx+9IXlry4yjBl8btx0XMIKzymGNSvX5jmBS/uSwYyYDoKIDcIREyLqFLvd8vcJdcoRlycpvn9YRXutFpQ==",
        "dependencies": {
          "Grpc.Core.Api": "2.80.0"
        }
      },
      "ini-parser-netstandard": {
        "type": "Transitive",
        "resolved": "2.5.3",
        "contentHash": "Ht3UqRCqizBPbB5pvQ/yCNZIChY6Cy5nLn7TKIlJzWnf4pbqGKqDO+AY6MDTD+fXgEzzMb64Qzl4/Hy7vEqfLA=="
      },
      "K4os.Compression.LZ4": {
        "type": "Transitive",
        "resolved": "1.3.8",
        "contentHash": "LhwlPa7c1zs1OV2XadMtAWdImjLIsqFJPoRcIWAadSRn0Ri1DepK65UbWLPmt4riLqx2d40xjXRk0ogpqNtK7g=="
      },
      "K4os.Compression.LZ4.Streams": {
        "type": "Transitive",
        "resolved": "1.3.8",
        "contentHash": "P15qr8dZAeo9GvYbUIPEYFQ0MEJ0i5iqr37wsYeRC3la2uCldOoeCa6to0CZ1taiwxIV+Mk8NGuZi+4iWivK9w==",
        "dependencies": {
          "K4os.Compression.LZ4": "1.3.8",
          "K4os.Hash.xxHash": "1.0.8"
        }
      },
      "K4os.Hash.xxHash": {
        "type": "Transitive",
        "resolved": "1.0.8",
        "contentHash": "Wp2F7BamQ2Q/7Hk834nV9vRQapgcr8kgv9Jvfm8J3D0IhDqZMMl+a2yxUq5ltJitvXvQfB8W6K4F4fCbw/P6YQ=="
      },
      "Loqui": {
        "type": "Transitive",
        "resolved": "3.7.0",
        "contentHash": "QiMpja6PaTYKT7+mTOFKJrcOER6CsALjCtk4ZDcyfswskrVEGFifopnawPwwhEmb8xiufqnWrjc9wMemGDA17g==",
        "dependencies": {
          "Noggog.CSharpExt": "4.3.0"
        }
      },
      "Microsoft.Bcl.AsyncInterfaces": {
        "type": "Transitive",
        "resolved": "9.0.4",
        "contentHash": "9VGI5kxIvrNG2mqLQZnUR6y/3fcnygD8eNpHR+CqfbnIXvea6nehnYknDKQTxZVPMpzpNca+7DxLBmpdB3q0Bw=="
      },
      "Microsoft.Bcl.HashCode": {
        "type": "Transitive",
        "resolved": "6.0.0",
        "contentHash": "GI4jcoi6eC9ZhNOQylIBaWOQjyGaR8T6N3tC1u8p3EXfndLCVNNWa+Zp+ocjvvS3kNBN09Zma2HXL0ezO0dRfw=="
      },
      "Microsoft.Extensions.Configuration": {
        "type": "Transitive",
        "resolved": "8.0.0",
        "contentHash": "0J/9YNXTMWSZP2p2+nvl8p71zpSwokZXZuJW+VjdErkegAnFdO1XlqtA62SJtgVYHdKu3uPxJHcMR/r35HwFBA==",
        "dependencies": {
          "Microsoft.Extensions.Configuration.Abstractions": "8.0.0",
          "Microsoft.Extensions.Primitives": "8.0.0"
        }
      },
      "Microsoft.Extensions.Configuration.Abstractions": {
        "type": "Transitive",
        "resolved": "8.0.0",
        "contentHash": "3lE/iLSutpgX1CC0NOW70FJoGARRHbyKmG7dc0klnUZ9Dd9hS6N/POPWhKhMLCEuNN5nXEY5agmlFtH562vqhQ==",
        "dependencies": {
          "Microsoft.Extensions.Primitives": "8.0.0"
        }
      },
      "Microsoft.Extensions.Configuration.Binder": {
        "type": "Transitive",
        "resolved": "8.0.0",
        "contentHash": "mBMoXLsr5s1y2zOHWmKsE9veDcx8h1x/c3rz4baEdQKTeDcmQAPNbB54Pi/lhFO3K431eEq6PFbMgLaa6PHFfA==",
        "dependencies": {
          "Microsoft.Extensions.Configuration.Abstractions": "8.0.0"
        }
      },
      "Microsoft.Extensions.DependencyInjection": {
        "type": "Transitive",
        "resolved": "8.0.0",
        "contentHash": "V8S3bsm50ig6JSyrbcJJ8bW2b9QLGouz+G1miK3UTaOWmMtFwNNNzUf4AleyDWUmTrWMLNnFSLEQtxmxgNQnNQ==",
        "dependencies": {
          "Microsoft.Extensions.DependencyInjection.Abstractions": "8.0.0"
        }
      },
      "Microsoft.Extensions.DependencyInjection.Abstractions": {
        "type": "Transitive",
        "resolved": "9.0.4",
        "contentHash": "UI0TQPVkS78bFdjkTodmkH0Fe8lXv9LnhGFKgKrsgUJ5a5FVdFRcgjIkBVLbGgdRhxWirxH/8IXUtEyYJx6GQg=="
      },
      "Microsoft.Extensions.Diagnostics": {
        "type": "Transitive",
        "resolved": "8.0.0",
        "contentHash": "3PZp/YSkIXrF7QK7PfC1bkyRYwqOHpWFad8Qx+4wkuumAeXo1NHaxpS9LboNA9OvNSAu+QOVlXbMyoY+pHSqcw==",
        "dependencies": {
          "Microsoft.Extensions.Configuration": "8.0.0",
          "Microsoft.Extensions.Diagnostics.Abstractions": "8.0.0",
          "Microsoft.Extensions.Options.ConfigurationExtensions": "8.0.0"
        }
      },
      "Microsoft.Extensions.Diagnostics.Abstractions": {
        "type": "Transitive",
        "resolved": "8.0.0",
        "contentHash": "JHYCQG7HmugNYUhOl368g+NMxYE/N/AiclCYRNlgCY9eVyiBkOHMwK4x60RYMxv9EL3+rmj1mqHvdCiPpC+D4Q==",
        "dependencies": {
          "Microsoft.Extensions.DependencyInjection.Abstractions": "8.0.0",
          "Microsoft.Extensions.Options": "8.0.0"
        }
      },
      "Microsoft.Extensions.Http": {
        "type": "Transitive",
        "resolved": "8.0.0",
        "contentHash": "cWz4caHwvx0emoYe7NkHPxII/KkTI8R/LC9qdqJqnKv2poTJ4e2qqPGQqvRoQ5kaSA4FU5IV3qFAuLuOhoqULQ==",
        "dependencies": {
          "Microsoft.Extensions.Configuration.Abstractions": "8.0.0",
          "Microsoft.Extensions.DependencyInjection.Abstractions": "8.0.0",
          "Microsoft.Extensions.Diagnostics": "8.0.0",
          "Microsoft.Extensions.Logging": "8.0.0",
          "Microsoft.Extensions.Logging.Abstractions": "8.0.0",
          "Microsoft.Extensions.Options": "8.0.0"
        }
      },
      "Microsoft.Extensions.Logging": {
        "type": "Transitive",
        "resolved": "8.0.0",
        "contentHash": "tvRkov9tAJ3xP51LCv3FJ2zINmv1P8Hi8lhhtcKGqM+ImiTCC84uOPEI4z8Cdq2C3o9e+Aa0Gw0rmrsJD77W+w==",
        "dependencies": {
          "Microsoft.Extensions.DependencyInjection": "8.0.0",
          "Microsoft.Extensions.Logging.Abstractions": "8.0.0",
          "Microsoft.Extensions.Options": "8.0.0"
        }
      },
      "Microsoft.Extensions.Logging.Abstractions": {
        "type": "Transitive",
        "resolved": "9.0.4",
        "contentHash": "0MXlimU4Dud6t+iNi5NEz3dO2w1HXdhoOLaYFuLPCjAsvlPQGwOT6V2KZRMLEhCAm/stSZt1AUv0XmDdkjvtbw==",
        "dependencies": {
          "Microsoft.Extensions.DependencyInjection.Abstractions": "9.0.4"
        }
      },
      "Microsoft.Extensions.Options": {
        "type": "Transitive",
        "resolved": "8.0.0",
        "contentHash": "JOVOfqpnqlVLUzINQ2fox8evY2SKLYJ3BV8QDe/Jyp21u1T7r45x/R/5QdteURMR5r01GxeJSBBUOCOyaNXA3g==",
        "dependencies": {
          "Microsoft.Extensions.DependencyInjection.Abstractions": "8.0.0",
          "Microsoft.Extensions.Primitives": "8.0.0"
        }
      },
      "Microsoft.Extensions.Options.ConfigurationExtensions": {
        "type": "Transitive",
        "resolved": "8.0.0",
        "contentHash": "0f4DMRqEd50zQh+UyJc+/HiBsZ3vhAQALgdkcQEalSH1L2isdC7Yj54M3cyo5e+BeO5fcBQ7Dxly8XiBBcvRgw==",
        "dependencies": {
          "Microsoft.Extensions.Configuration.Abstractions": "8.0.0",
          "Microsoft.Extensions.Configuration.Binder": "8.0.0",
          "Microsoft.Extensions.DependencyInjection.Abstractions": "8.0.0",
          "Microsoft.Extensions.Options": "8.0.0",
          "Microsoft.Extensions.Primitives": "8.0.0"
        }
      },
      "Microsoft.Extensions.Primitives": {
        "type": "Transitive",
        "resolved": "8.0.0",
        "contentHash": "bXJEZrW9ny8vjMF1JV253WeLhpEVzFo1lyaZu1vQ4ZxWUlVvknZ/+ftFgVheLubb4eZPSwwxBeqS1JkCOjxd8g=="
      },
      "Mutagen.Bethesda.Core": {
        "type": "Transitive",
        "resolved": "0.54.2",
        "contentHash": "2NIs/FCIjGCnXw/zpiQZt01RLbbBJ0mk1wDQcEmj8N7OEO3Z3nPT+8OV37ZI7KkEImLyxfkxZq6XIKwfv2DHPA==",
        "dependencies": {
          "GameFinder.StoreHandlers.GOG": "4.9.0",
          "GameFinder.StoreHandlers.Steam": "4.9.0",
          "GameFinder.StoreHandlers.Xbox": "4.9.0",
          "K4os.Compression.LZ4.Streams": "1.3.8",
          "Loqui": "3.7.0",
          "Mutagen.Bethesda.Kernel": "0.54.2",
          "Noggog.CSharpExt": "4.3.0",
          "SharpZipLib": "1.4.2",
          "StrongInject": "1.4.4",
          "ini-parser-netstandard": "2.5.3"
        }
      },
      "Mutagen.Bethesda.Kernel": {
        "type": "Transitive",
        "resolved": "0.54.2",
        "contentHash": "6XRTFaU/euyAg15XRe07MhR8ENIGEZuWthPiSFnUDOIhr7zA4PYNWqomN+z4X5Xo++Vf7ZLjwzaYDgibHROeUw==",
        "dependencies": {
          "Noggog.CSharpExt": "4.3.0"
        }
      },
      "NexusMods.Paths": {
        "type": "Transitive",
        "resolved": "0.19.1",
        "contentHash": "eXfgHMv9/UfeBgrzx1GovOUBtp4dsJVP39JhylngcQw4psJWGO1HeWycf5bo2g0BcRLiji3YTCOtVeYpty8Q3w==",
        "dependencies": {
          "Microsoft.Extensions.DependencyInjection.Abstractions": "8.0.2",
          "Reloaded.Memory": "9.4.2",
          "TransparentValueObjects.Abstractions": "1.1.0"
        }
      },
      "Noggog.CSharpExt": {
        "type": "Transitive",
        "resolved": "4.3.0",
        "contentHash": "HQ2i7d2/stRqvfUbLp5338oQgeNIetHBpTUqSMbvL6CVtuzVGxGF5Rc+zXhDC4cuxs1l0aNaaEtthML9bDkjWA==",
        "dependencies": {
          "DynamicData": "9.4.31",
          "System.IO.Abstractions": "22.1.1"
        }
      },
      "OneOf": {
        "type": "Transitive",
        "resolved": "3.0.271",
        "contentHash": "pqpqeK8xQGggExhr4tesVgJkjdn+9HQAO0QgrYV2hFjE3y90okzk1kQMntMiUOGfV7FrCUfKPaVvPBD4IANqKg=="
      },
      "Reloaded.Memory": {
        "type": "Transitive",
        "resolved": "9.4.2",
        "contentHash": "yrjimngdXs7evlk/ZFbzP0uppTf0Og+LFFonITgpzZ94HmVOi8b+29YFfYdWTbf68qUzGP0D4s0VsMhaGerg5g=="
      },
      "SharpZipLib": {
        "type": "Transitive",
        "resolved": "1.4.2",
        "contentHash": "yjj+3zgz8zgXpiiC3ZdF/iyTBbz2fFvMxZFEBPUcwZjIvXOf37Ylm+K58hqMfIBt5JgU/Z2uoUS67JmTLe973A=="
      },
      "SQLite": {
        "type": "Transitive",
        "resolved": "3.53.4",
        "contentHash": "KN7jeWqgUPeBRe1FlcpZURzxomuKKEKHmBBQfg+Nx7NkY1LjKhzHvH+3ASkNvhayESE34nMBinL9CV21JfPRJw=="
      },
      "SQLitePCLRaw.config.e_sqlite3": {
        "type": "Transitive",
        "resolved": "3.0.5",
        "contentHash": "aSk8WE5tF2MybESMgtZAEyMVCAWA0nBqOMc48HFoa9UoSdtm3goDXVzNRnefeKIwE6bV9NaNXptn1F9ReMQI0Q==",
        "dependencies": {
          "SQLitePCLRaw.provider.e_sqlite3": "3.0.5"
        }
      },
      "SQLitePCLRaw.core": {
        "type": "Transitive",
        "resolved": "3.0.5",
        "contentHash": "k81AYXXRCw3Zj8rOhyBoCsx/U97KYDFI2CSKr/ijl5BwpsW/hX/4kBiDmerFaoust8nxBwa0IHQFw8MmSHRtnQ=="
      },
      "SQLitePCLRaw.provider.e_sqlite3": {
        "type": "Transitive",
        "resolved": "3.0.5",
        "contentHash": "um8YSWduhhuskTG2bHfZrBqMNQOydfU8pcseT+cu5RivOGyoUbCrGXxgoRNTmRYw2VbMWnEZVVFcneZT/5dsBg==",
        "dependencies": {
          "SQLitePCLRaw.core": "3.0.5"
        }
      },
      "StrongInject": {
        "type": "Transitive",
        "resolved": "1.4.4",
        "contentHash": "apRGISKI+xWW0WYQJHXckQpE9fECP//X5PUaY7jA5R6+m59hTIcr0shySR9Bb7cInDG+0fAG6PLjd1SxlLqe6g=="
      },
      "System.IO.Abstractions": {
        "type": "Transitive",
        "resolved": "22.1.1",
        "contentHash": "nm4sNhAoN1NyiIVT6MS3EEzNjnir3PC1HE0mKGGUFg6RBW1HmRvWKuRDPkij1etOoQkpyIFmjVGcM6TpBGF3qQ==",
        "dependencies": {
          "TestableIO.System.IO.Abstractions": "22.1.1",
          "TestableIO.System.IO.Abstractions.Wrappers": "22.1.1"
        }
      },
      "System.Reactive": {
        "type": "Transitive",
        "resolved": "6.1.0",
        "contentHash": "M5cCC1ZMkZr9jbSQGTHnVkb5TDN67qWCV7AP8TAHdGkvDlu0puT5NzemESNn9+HkYIDpWpocP68/i+/ame2/2w=="
      },
      "TestableIO.System.IO.Abstractions": {
        "type": "Transitive",
        "resolved": "22.1.1",
        "contentHash": "EJmXIKfwvJHvSHWP+NjA213avUdofV4SmBx2aWxc3SzPkrHHVKxUMC3fSa/epzk/SVITwuU2EAntgQTvobAqwQ==",
        "dependencies": {
          "Testably.Abstractions.FileSystem.Interface": "10.1.0"
        }
      },
      "TestableIO.System.IO.Abstractions.Wrappers": {
        "type": "Transitive",
        "resolved": "22.1.1",
        "contentHash": "J91zmSwuMY75ybtkqAFMC3vDNMkLJ/kiDDLhORITEwTKNhEwEYfxAQGv+f0jGYZg/H0YbnGcx5Ky0FgFJwrrWQ==",
        "dependencies": {
          "Testably.Abstractions.FileSystem.Interface": "10.1.0"
        }
      },
      "Testably.Abstractions.FileSystem.Interface": {
        "type": "Transitive",
        "resolved": "10.1.0",
        "contentHash": "0R+m7DvS2QuDcFOfDGtyGErRrgXOl4/z2tbNLX2RfvlYJjlVcKG+wMIBfZO8vxGtTNwNxffTG4ibFRwd0jkM7w=="
      },
      "TransparentValueObjects.Abstractions": {
        "type": "Transitive",
        "resolved": "1.1.0",
        "contentHash": "t3aNn6UhA2NO9uLAfBafHklhgVEuh9AxtrGZp9AdUTeDea84LCvea9W6IhjSQVkUuhuDIZ482kKzuwyVSuf+Rw=="
      },
      "ValveKeyValue": {
        "type": "Transitive",
        "resolved": "0.13.1.398",
        "contentHash": "Cm9fOJZ5Meb7uFON2XtvO2oiw/2hxAnkXI+5enms0AGNRZu5vPhw1PF5H1B2W8SbRZxqE/hkzMkWdIOO0MGPzg=="
      },
      "infinium.analysis": {
        "type": "Project",
        "dependencies": {
          "Infinium.Domain": "[1.0.0, )"
        }
      },
      "infinium.application": {
        "type": "Project",
        "dependencies": {
          "Google.Protobuf": "[3.31.1, )",
          "Grpc.Core.Api": "[2.80.0, )",
          "Grpc.Net.Client": "[2.80.0, )",
          "Infinium.Analysis": "[1.0.0, )",
          "Infinium.Bethesda": "[1.0.0, )",
          "Infinium.Domain": "[1.0.0, )",
          "Infinium.Mo2": "[1.0.0, )",
          "Infinium.Persistence": "[1.0.0, )",
          "Microsoft.Bcl.Memory": "[9.0.14, )",
          "Microsoft.ML.Tokenizers": "[2.0.0, )",
          "Microsoft.ML.Tokenizers.Data.O200kBase": "[2.0.0, )"
        }
      },
      "infinium.bethesda": {
        "type": "Project",
        "dependencies": {
          "Infinium.Domain": "[1.0.0, )",
          "Infinium.Mo2": "[1.0.0, )",
          "Mutagen.Bethesda.Skyrim": "[0.54.2, )"
        }
      },
      "infinium.domain": {
        "type": "Project"
      },
      "infinium.mo2": {
        "type": "Project",
        "dependencies": {
          "Infinium.Domain": "[1.0.0, )"
        }
      },
      "infinium.persistence": {
        "type": "Project",
        "dependencies": {
          "Infinium.Domain": "[1.0.0, )",
          "Microsoft.Data.Sqlite.Core": "[10.0.10, )",
          "SQLitePCLRaw.bundle_e_sqlite3": "[3.0.5, )"
        }
      },
      "infinium.worker": {
        "type": "Project",
        "dependencies": {
          "Infinium.Application": "[1.0.0, )",
          "Infinium.Bethesda": "[1.0.0, )",
          "Infinium.Domain": "[1.0.0, )",
          "Infinium.Mo2": "[1.0.0, )"
        }
      },
      "Google.Protobuf": {
        "type": "CentralTransitive",
        "requested": "[3.31.1, )",
        "resolved": "3.31.1",
        "contentHash": "gSnJbUmGiOTdWddPhqzrEscHq9Ls6sqRDPB9WptckyjTUyx70JOOAaDLkFff8gManZNN3hllQ4aQInnQyq/Z/A=="
      },
      "Grpc.Core.Api": {
        "type": "CentralTransitive",
        "requested": "[2.80.0, )",
        "resolved": "2.80.0",
        "contentHash": "i/8s+MOrYa6n7BmZ5bilcbHk+EMJDQHm2MKLhwGAT+urQqlZ6cpjvSivYvuULjebuX+UKieLYZbLRCmVQxFRkw=="
      },
      "Grpc.Net.Client": {
        "type": "CentralTransitive",
        "requested": "[2.80.0, )",
        "resolved": "2.80.0",
        "contentHash": "I1Aa24nTRMHqx0pmQfvthFsOpejquDjiJV6092KBqjw6EEr3wA9CMXlrdkoEgHartOiJrpKyZiQRl7n0NVlfBg==",
        "dependencies": {
          "Grpc.Net.Common": "2.80.0",
          "Microsoft.Extensions.Logging.Abstractions": "8.0.0"
        }
      },
      "Grpc.Tools": {
        "type": "CentralTransitive",
        "requested": "[2.80.0, )",
        "resolved": "2.80.0",
        "contentHash": "NS1AxwVZnrdbBoMf5L5ruGjBjoLBej9avhqxWNsgfu2GU6FhpxEVJOwLJsdljlDCjvquJiAH2zf/WodIWMvf2w=="
      },
      "Microsoft.Bcl.Memory": {
        "type": "CentralTransitive",
        "requested": "[9.0.14, )",
        "resolved": "9.0.14",
        "contentHash": "laQCcjTM2FnbyznkAu9hwBuQh3z2/OtJKwjGkJOUevylFpFXZIUVq/+MU2jM0HQm1n5wsjjwtLIDOiWJ6Nai3A=="
      },
      "Microsoft.Data.Sqlite.Core": {
        "type": "CentralTransitive",
        "requested": "[10.0.10, )",
        "resolved": "10.0.10",
        "contentHash": "TPCs0ldm7AWqcKmp6f/Xr+14sat7hx4rHfRlS4RgCURBH2thEWbAKEyX7cCWr63zVJVOJIJZTg2cBiUXa8ys6g==",
        "dependencies": {
          "SQLitePCLRaw.core": "2.1.11"
        }
      },
      "Microsoft.ML.Tokenizers": {
        "type": "CentralTransitive",
        "requested": "[2.0.0, )",
        "resolved": "2.0.0",
        "contentHash": "+b8lT4cLLO/sBR2hjvE/qG6qrZG15h7/PBvnIrzTh4xDaAxdHUY6449rC+1pHzQUsBiCHZVbj+VMn+xS0sL7TA==",
        "dependencies": {
          "Google.Protobuf": "3.30.2"
        }
      },
      "Microsoft.ML.Tokenizers.Data.O200kBase": {
        "type": "CentralTransitive",
        "requested": "[2.0.0, )",
        "resolved": "2.0.0",
        "contentHash": "19G0KWrRnUZmc8vGdPNuBJqTruhAjzPLRY2nn6a/HiBXbEnE/Lx9L223jGlDzg1oAcCggo/8GlWw3ZLVuS76Ow==",
        "dependencies": {
          "Google.Protobuf": "3.30.2",
          "Microsoft.Bcl.AsyncInterfaces": "9.0.4",
          "Microsoft.Bcl.HashCode": "6.0.0",
          "Microsoft.Bcl.Memory": "9.0.4",
          "Microsoft.ML.Tokenizers": "2.0.0"
        }
      },
      "Mutagen.Bethesda.Skyrim": {
        "type": "CentralTransitive",
        "requested": "[0.54.2, )",
        "resolved": "0.54.2",
        "contentHash": "PVmrsavS4Nuhhz0B3Us6KQK/tbLVgYwOijbygXFtx8CHi3YGqj+zgQpos7vyUgMEt0P2N3DMOoHQrSd7Xjv3Tg==",
        "dependencies": {
          "Loqui": "3.7.0",
          "Mutagen.Bethesda.Core": "0.54.2",
          "Noggog.CSharpExt": "4.3.0"
        }
      },
      "SQLitePCLRaw.bundle_e_sqlite3": {
        "type": "CentralTransitive",
        "requested": "[3.0.5, )",
        "resolved": "3.0.5",
        "contentHash": "SW8iASIyWMrLzqabUHYQRvALhvD4ylSBsj4PgEVGwc36kQjc9xT5kSV/XQ9rU7nIpBWD+LPyX3Hlw5FzyUzGeQ==",
        "dependencies": {
          "SQLite": "3.53.4",
          "SQLitePCLRaw.config.e_sqlite3": "3.0.5"
        }
      }
    }
  }
}